
Microsoft Visual Studio Solution File, Format Version 12.00
# Visual Studio Version 16
VisualStudioVersion = 16.0.29519.87
MinimumVisualStudioVersion = 10.0.40219.1
Project("{888888A0-9F3D-457C-B088-3A5042F75D52}") = "AdventOfCode2019", "AdventOfCode2019-Day1\AdventOfCode2019.pyproj", "{0CC9E0AD-1D95-4355-AD1D-802FF85C19B7}"
EndProject
Global
	GlobalSection(SolutionConfigurationPlatforms) = preSolution
		Debug|Any CPU = Debug|Any CPU
		Release|Any CPU = Release|Any CPU
	EndGlobalSection
	GlobalSection(ProjectConfigurationPlatforms) = postSolution
		{0CC9E0AD-1D95-4355-AD1D-802FF85C19B7}.Debug|Any CPU.ActiveCfg = Debug|Any CPU
		{0CC9E0AD-1D95-4355-AD1D-802FF85C19B7}.Release|Any CPU.ActiveCfg = Release|Any CPU
	EndGlobalSection
	GlobalSection(SolutionProperties) = preSolution
		HideSolutionNode = FALSE
	EndGlobalSection
	GlobalSection(ExtensibilityGlobals) = postSolution
		SolutionGuid = {534A64D4-480F-4329-A6EA-2953C2E0EFD3}
	EndGlobalSection
EndGlobal
